
Microsoft Visual Studio Solution File, Format Version 12.00
# Visual Studio Version 16
VisualStudioVersion = 16.0.29409.12
MinimumVisualStudioVersion = 10.0.40219.1
Project("{FAE04EC0-301F-11D3-BF4B-00C04F79EFBC}") = "Domain", "Domain\Domain.csproj", "{C3C804C1-6654-437C-8698-8BFFEDFF336E}"
EndProject
Project("{FAE04EC0-301F-11D3-BF4B-00C04F79EFBC}") = "Web", "Web\Web.csproj", "{2EFB82A1-ABD1-4A4A-97EA-E50E1ED8933A}"
EndProject
Project("{FAE04EC0-301F-11D3-BF4B-00C04F79EFBC}") = "Api", "Api\Api.csproj", "{580C3BD3-1115-4350-9F36-7C24AEDD6155}"
EndProject
Global
	GlobalSection(SolutionConfigurationPlatforms) = preSolution
		Debug|Any CPU = Debug|Any CPU
		Release|Any CPU = Release|Any CPU
	EndGlobalSection
	GlobalSection(ProjectConfigurationPlatforms) = postSolution
		{C3C804C1-6654-437C-8698-8BFFEDFF336E}.Debug|Any CPU.ActiveCfg = Debug|Any CPU
		{C3C804C1-6654-437C-8698-8BFFEDFF336E}.Debug|Any CPU.Build.0 = Debug|Any CPU
		{C3C804C1-6654-437C-8698-8BFFEDFF336E}.Release|Any CPU.ActiveCfg = Release|Any CPU
		{C3C804C1-6654-437C-8698-8BFFEDFF336E}.Release|Any CPU.Build.0 = Release|Any CPU
		{2EFB82A1-ABD1-4A4A-97EA-E50E1ED8933A}.Debug|Any CPU.ActiveCfg = Debug|Any CPU
		{2EFB82A1-ABD1-4A4A-97EA-E50E1ED8933A}.Debug|Any CPU.Build.0 = Debug|Any CPU
		{2EFB82A1-ABD1-4A4A-97EA-E50E1ED8933A}.Release|Any CPU.ActiveCfg = Release|Any CPU
		{2EFB82A1-ABD1-4A4A-97EA-E50E1ED8933A}.Release|Any CPU.Build.0 = Release|Any CPU
		{580C3BD3-1115-4350-9F36-7C24AEDD6155}.Debug|Any CPU.ActiveCfg = Debug|Any CPU
		{580C3BD3-1115-4350-9F36-7C24AEDD6155}.Debug|Any CPU.Build.0 = Debug|Any CPU
		{580C3BD3-1115-4350-9F36-7C24AEDD6155}.Release|Any CPU.ActiveCfg = Release|Any CPU
		{580C3BD3-1115-4350-9F36-7C24AEDD6155}.Release|Any CPU.Build.0 = Release|Any CPU
	EndGlobalSection
	GlobalSection(SolutionProperties) = preSolution
		HideSolutionNode = FALSE
	EndGlobalSection
	GlobalSection(ExtensibilityGlobals) = postSolution
		SolutionGuid = {D73713E8-F3EA-49D2-86E2-4FE62D91E315}
	EndGlobalSection
EndGlobal
